
Microsoft Visual Studio Solution File, Format Version 12.00
# Visual Studio 15
Project("{FAE04EC0-301F-11D3-BF4B-00C04F79EFBC}") = "hangman", "hangman\hangman.csproj", "{6E3F71AE-380F-4628-A632-269EC5826F93}"
EndProject
Global
	GlobalSection(SolutionConfigurationPlatforms) = preSolution
		Debug|anycpu = Debug|anycpu
		Release|anycpu = Release|anycpu
	EndGlobalSection
	GlobalSection(ProjectConfigurationPlatforms) = postSolution
		{6E3F71AE-380F-4628-A632-269EC5826F93}.Debug|anycpu.ActiveCfg = Debug|anycpu
		{6E3F71AE-380F-4628-A632-269EC5826F93}.Debug|anycpu.Build.0 = Debug|anycpu
		{6E3F71AE-380F-4628-A632-269EC5826F93}.Release|anycpu.ActiveCfg = Release|anycpu
		{6E3F71AE-380F-4628-A632-269EC5826F93}.Release|anycpu.Build.0 = Release|anycpu
	EndGlobalSection
EndGlobal
